
Microsoft Visual Studio Solution File, Format Version 12.00
# Visual Studio Version 17
VisualStudioVersion = 17.9.34723.18
MinimumVisualStudioVersion = 10.0.40219.1
Project("{FAE04EC0-301F-11D3-BF4B-00C04F79EFBC}") = "prySernaConexionBD", "prySernaConexionBD\prySernaConexionBD.csproj", "{574B5EA3-43B4-4420-967D-BC3B59FC201C}"
EndProject
Global
	GlobalSection(SolutionConfigurationPlatforms) = preSolution
		Debug|Any CPU = Debug|Any CPU
		Release|Any CPU = Release|Any CPU
	EndGlobalSection
	GlobalSection(ProjectConfigurationPlatforms) = postSolution
		{574B5EA3-43B4-4420-967D-BC3B59FC201C}.Debug|Any CPU.ActiveCfg = Debug|Any CPU
		{574B5EA3-43B4-4420-967D-BC3B59FC201C}.Debug|Any CPU.Build.0 = Debug|Any CPU
		{574B5EA3-43B4-4420-967D-BC3B59FC201C}.Release|Any CPU.ActiveCfg = Release|Any CPU
		{574B5EA3-43B4-4420-967D-BC3B59FC201C}.Release|Any CPU.Build.0 = Release|Any CPU
	EndGlobalSection
	GlobalSection(SolutionProperties) = preSolution
		HideSolutionNode = FALSE
	EndGlobalSection
	GlobalSection(ExtensibilityGlobals) = postSolution
		SolutionGuid = {198A4AD8-7AA5-4663-ADED-A6783651B75E}
	EndGlobalSection
EndGlobal
